
Microsoft Visual Studio Solution File, Format Version 12.00
# Visual Studio 15
VisualStudioVersion = 15.0.28307.572
MinimumVisualStudioVersion = 10.0.40219.1
Project("{2150E333-8FDC-42A3-9474-1A3956D46DE8}") = "src", "src", "{A398839C-CD81-47A2-8DBC-03BC3F49EB33}"
EndProject
Project("{FAE04EC0-301F-11D3-BF4B-00C04F79EFBC}") = "NucuPaste.Api", "src\NucuPaste.Api\NucuPaste.Api.csproj", "{E0736DF5-D1AA-4B21-ABD0-9BE88CAFF8C0}"
EndProject
Project("{2150E333-8FDC-42A3-9474-1A3956D46DE8}") = "test", "test", "{F22DDDF4-0112-479D-95A3-346342A7DA08}"
EndProject
Project("{FAE04EC0-301F-11D3-BF4B-00C04F79EFBC}") = "NucuPaste.Api.Test", "test\NucuPaste.Api.Test\NucuPaste.Api.Test.csproj", "{37AF2F5B-AD91-4CCF-9893-F8D5E455BE93}"
EndProject
Global
	GlobalSection(SolutionConfigurationPlatforms) = preSolution
		Debug|Any CPU = Debug|Any CPU
		Release|Any CPU = Release|Any CPU
	EndGlobalSection
	GlobalSection(ProjectConfigurationPlatforms) = postSolution
		{E0736DF5-D1AA-4B21-ABD0-9BE88CAFF8C0}.Debug|Any CPU.ActiveCfg = Debug|Any CPU
		{E0736DF5-D1AA-4B21-ABD0-9BE88CAFF8C0}.Debug|Any CPU.Build.0 = Debug|Any CPU
		{E0736DF5-D1AA-4B21-ABD0-9BE88CAFF8C0}.Release|Any CPU.ActiveCfg = Release|Any CPU
		{E0736DF5-D1AA-4B21-ABD0-9BE88CAFF8C0}.Release|Any CPU.Build.0 = Release|Any CPU
		{37AF2F5B-AD91-4CCF-9893-F8D5E455BE93}.Debug|Any CPU.ActiveCfg = Debug|Any CPU
		{37AF2F5B-AD91-4CCF-9893-F8D5E455BE93}.Debug|Any CPU.Build.0 = Debug|Any CPU
		{37AF2F5B-AD91-4CCF-9893-F8D5E455BE93}.Release|Any CPU.ActiveCfg = Release|Any CPU
		{37AF2F5B-AD91-4CCF-9893-F8D5E455BE93}.Release|Any CPU.Build.0 = Release|Any CPU
	EndGlobalSection
	GlobalSection(SolutionProperties) = preSolution
		HideSolutionNode = FALSE
	EndGlobalSection
	GlobalSection(ExtensibilityGlobals) = postSolution
		SolutionGuid = {A90DA9E5-53B2-48BA-9C70-DE4B4F000317}
	EndGlobalSection
	GlobalSection(NestedProjects) = preSolution
		{E0736DF5-D1AA-4B21-ABD0-9BE88CAFF8C0} = {A398839C-CD81-47A2-8DBC-03BC3F49EB33}
		{37AF2F5B-AD91-4CCF-9893-F8D5E455BE93} = {F22DDDF4-0112-479D-95A3-346342A7DA08}
	EndGlobalSection
EndGlobal
